
Microsoft Visual Studio Solution File, Format Version 12.00
# Visual Studio Version 16
VisualStudioVersion = 16.0.30621.155
MinimumVisualStudioVersion = 10.0.40219.1
Project("{FAE04EC0-301F-11D3-BF4B-00C04F79EFBC}") = "MidtermLibraryProject", "MidtermLibraryProject\MidtermLibraryProject.csproj", "{913B4A14-2760-4C69-B294-DE411413051E}"
EndProject
Global
	GlobalSection(SolutionConfigurationPlatforms) = preSolution
		Debug|Any CPU = Debug|Any CPU
		Release|Any CPU = Release|Any CPU
	EndGlobalSection
	GlobalSection(ProjectConfigurationPlatforms) = postSolution
		{913B4A14-2760-4C69-B294-DE411413051E}.Debug|Any CPU.ActiveCfg = Debug|Any CPU
		{913B4A14-2760-4C69-B294-DE411413051E}.Debug|Any CPU.Build.0 = Debug|Any CPU
		{913B4A14-2760-4C69-B294-DE411413051E}.Release|Any CPU.ActiveCfg = Release|Any CPU
		{913B4A14-2760-4C69-B294-DE411413051E}.Release|Any CPU.Build.0 = Release|Any CPU
	EndGlobalSection
	GlobalSection(SolutionProperties) = preSolution
		HideSolutionNode = FALSE
	EndGlobalSection
	GlobalSection(ExtensibilityGlobals) = postSolution
		SolutionGuid = {03E8E868-B99B-46EB-B202-52C8C0F089CF}
	EndGlobalSection
EndGlobal
